
Microsoft Visual Studio Solution File, Format Version 12.00
Project("{FAE04EC0-301F-11D3-BF4B-00C04F79EFBC}") = "Hubler", "Hubler.csproj", "{DBC09B5C-EB87-45BF-AC4C-98D638865F40}"
EndProject
Global
	GlobalSection(SolutionConfigurationPlatforms) = preSolution
		Debug|Any CPU = Debug|Any CPU
		Release|Any CPU = Release|Any CPU
	EndGlobalSection
	GlobalSection(ProjectConfigurationPlatforms) = postSolution
		{DBC09B5C-EB87-45BF-AC4C-98D638865F40}.Debug|Any CPU.ActiveCfg = Debug|Any CPU
		{DBC09B5C-EB87-45BF-AC4C-98D638865F40}.Debug|Any CPU.Build.0 = Debug|Any CPU
		{DBC09B5C-EB87-45BF-AC4C-98D638865F40}.Release|Any CPU.ActiveCfg = Release|Any CPU
		{DBC09B5C-EB87-45BF-AC4C-98D638865F40}.Release|Any CPU.Build.0 = Release|Any CPU
	EndGlobalSection
EndGlobal
